
Microsoft Visual Studio Solution File, Format Version 12.00
# Visual Studio Version 17
VisualStudioVersion = 17.0.31903.59
MinimumVisualStudioVersion = 10.0.40219.1
Project("{2150E333-8FDC-42A3-9474-1A3956D46DE8}") = "Backend", "Backend", "{C92C496C-2F5F-44F7-931E-C11027A12EEE}"
EndProject
Project("{2150E333-8FDC-42A3-9474-1A3956D46DE8}") = "BusinessLogic", "BusinessLogic", "{EE4F9A4A-867D-434B-B5AD-9F06D8F6C650}"
EndProject
Project("{FAE04EC0-301F-11D3-BF4B-00C04F79EFBC}") = "BusinessLogic.Tests", "Backend\BusinessLogic\BusinessLogic.Tests\BusinessLogic.Tests.csproj", "{0480003D-868D-448F-94FD-9F15F2C4C252}"
EndProject
Global
	GlobalSection(SolutionConfigurationPlatforms) = preSolution
		Debug|Any CPU = Debug|Any CPU
		Release|Any CPU = Release|Any CPU
	EndGlobalSection
	GlobalSection(SolutionProperties) = preSolution
		HideSolutionNode = FALSE
	EndGlobalSection
	GlobalSection(ProjectConfigurationPlatforms) = postSolution
		{0480003D-868D-448F-94FD-9F15F2C4C252}.Debug|Any CPU.ActiveCfg = Debug|Any CPU
		{0480003D-868D-448F-94FD-9F15F2C4C252}.Debug|Any CPU.Build.0 = Debug|Any CPU
		{0480003D-868D-448F-94FD-9F15F2C4C252}.Release|Any CPU.ActiveCfg = Release|Any CPU
		{0480003D-868D-448F-94FD-9F15F2C4C252}.Release|Any CPU.Build.0 = Release|Any CPU
	EndGlobalSection
	GlobalSection(NestedProjects) = preSolution
		{EE4F9A4A-867D-434B-B5AD-9F06D8F6C650} = {C92C496C-2F5F-44F7-931E-C11027A12EEE}
		{0480003D-868D-448F-94FD-9F15F2C4C252} = {EE4F9A4A-867D-434B-B5AD-9F06D8F6C650}
	EndGlobalSection
EndGlobal
